
Microsoft Visual Studio Solution File, Format Version 12.00
# Visual Studio Version 17
VisualStudioVersion = 17.14.36518.9 d17.14
MinimumVisualStudioVersion = 10.0.40219.1
Project("{FAE04EC0-301F-11D3-BF4B-00C04F79EFBC}") = "Github hello world", "Github hello world.csproj", "{FDE76EED-21A6-45FF-B0D9-4D01EA77C360}"
EndProject
Global
	GlobalSection(SolutionConfigurationPlatforms) = preSolution
		Debug|Any CPU = Debug|Any CPU
		Release|Any CPU = Release|Any CPU
	EndGlobalSection
	GlobalSection(ProjectConfigurationPlatforms) = postSolution
		{FDE76EED-21A6-45FF-B0D9-4D01EA77C360}.Debug|Any CPU.ActiveCfg = Debug|Any CPU
		{FDE76EED-21A6-45FF-B0D9-4D01EA77C360}.Debug|Any CPU.Build.0 = Debug|Any CPU
		{FDE76EED-21A6-45FF-B0D9-4D01EA77C360}.Release|Any CPU.ActiveCfg = Release|Any CPU
		{FDE76EED-21A6-45FF-B0D9-4D01EA77C360}.Release|Any CPU.Build.0 = Release|Any CPU
	EndGlobalSection
	GlobalSection(SolutionProperties) = preSolution
		HideSolutionNode = FALSE
	EndGlobalSection
	GlobalSection(ExtensibilityGlobals) = postSolution
		SolutionGuid = {41810327-F8CF-4F27-93C0-C562D8CCFC6A}
	EndGlobalSection
EndGlobal
